
Microsoft Visual Studio Solution File, Format Version 12.00
# Visual Studio for Mac
Project("{FAE04EC0-301F-11D3-BF4B-00C04F79EFBC}") = "Assembly-CSharp", "Assembly-CSharp.csproj", "{DB22784D-509A-D258-3657-1A2B7B8C16A7}"
EndProject
Project("{FAE04EC0-301F-11D3-BF4B-00C04F79EFBC}") = "Assembly-CSharp-firstpass", "Assembly-CSharp-firstpass.csproj", "{3FED2738-C61D-7F6F-0832-E02020D5E3F7}"
EndProject
Project("{FAE04EC0-301F-11D3-BF4B-00C04F79EFBC}") = "Assembly-CSharp-Editor", "Assembly-CSharp-Editor.csproj", "{076AD376-8AAE-2516-A641-D652334A52EF}"
EndProject
Project("{FAE04EC0-301F-11D3-BF4B-00C04F79EFBC}") = "Assembly-CSharp-Editor-firstpass", "Assembly-CSharp-Editor-firstpass.csproj", "{A8A41B00-ACA3-8439-9CDC-4418C3C88B81}"
EndProject
Global
	GlobalSection(SolutionConfigurationPlatforms) = preSolution
		Debug|Any CPU = Debug|Any CPU
		Release|Any CPU = Release|Any CPU
	EndGlobalSection
	GlobalSection(ProjectConfigurationPlatforms) = postSolution
		{DB22784D-509A-D258-3657-1A2B7B8C16A7}.Debug|Any CPU.ActiveCfg = Debug|Any CPU
		{DB22784D-509A-D258-3657-1A2B7B8C16A7}.Debug|Any CPU.Build.0 = Debug|Any CPU
		{DB22784D-509A-D258-3657-1A2B7B8C16A7}.Release|Any CPU.ActiveCfg = Release|Any CPU
		{DB22784D-509A-D258-3657-1A2B7B8C16A7}.Release|Any CPU.Build.0 = Release|Any CPU
		{3FED2738-C61D-7F6F-0832-E02020D5E3F7}.Debug|Any CPU.ActiveCfg = Debug|Any CPU
		{3FED2738-C61D-7F6F-0832-E02020D5E3F7}.Debug|Any CPU.Build.0 = Debug|Any CPU
		{3FED2738-C61D-7F6F-0832-E02020D5E3F7}.Release|Any CPU.ActiveCfg = Release|Any CPU
		{3FED2738-C61D-7F6F-0832-E02020D5E3F7}.Release|Any CPU.Build.0 = Release|Any CPU
		{076AD376-8AAE-2516-A641-D652334A52EF}.Debug|Any CPU.ActiveCfg = Debug|Any CPU
		{076AD376-8AAE-2516-A641-D652334A52EF}.Debug|Any CPU.Build.0 = Debug|Any CPU
		{076AD376-8AAE-2516-A641-D652334A52EF}.Release|Any CPU.ActiveCfg = Release|Any CPU
		{076AD376-8AAE-2516-A641-D652334A52EF}.Release|Any CPU.Build.0 = Release|Any CPU
		{A8A41B00-ACA3-8439-9CDC-4418C3C88B81}.Debug|Any CPU.ActiveCfg = Debug|Any CPU
		{A8A41B00-ACA3-8439-9CDC-4418C3C88B81}.Debug|Any CPU.Build.0 = Debug|Any CPU
		{A8A41B00-ACA3-8439-9CDC-4418C3C88B81}.Release|Any CPU.ActiveCfg = Release|Any CPU
		{A8A41B00-ACA3-8439-9CDC-4418C3C88B81}.Release|Any CPU.Build.0 = Release|Any CPU
	EndGlobalSection
	GlobalSection(SolutionProperties) = preSolution
		HideSolutionNode = FALSE
	EndGlobalSection
EndGlobal
